// !$*UTF8*$!
{
	archiveVersion = 1;
	classes = {
	};
	objectVersion = 51;
	objects = {

/* Begin PBXBuildFile section */
		016CE220BF9A73CE206FB35E /* Pods_Parstagram.framework in Frameworks */ = {isa = PBXBuildFile; fileRef = 492DA6F3287C5C6E6806B43A /* Pods_Parstagram.framework */; };
		A041C333A0F0F35C952E4433 /* Pods_ParstagramTests.framework in Frameworks */ = {isa = PBXBuildFile; fileRef = 5E9D440E0449A14BD543C2C4 /* Pods_ParstagramTests.framework */; };
		F7A75C79032877F75BE45CBE /* Pods_Parstagram_ParstagramUITests.framework in Frameworks */ = {isa = PBXBuildFile; fileRef = AED3FC97EFAC5C64EC53DB53 /* Pods_Parstagram_ParstagramUITests.framework */; };
		FD092AA52403792E004897D2 /* LoginViewController.swift in Sources */ = {isa = PBXBuildFile; fileRef = FD092AA42403792E004897D2 /* LoginViewController.swift */; };
		FD092AA724037938004897D2 /* FeedViewController.swift in Sources */ = {isa = PBXBuildFile; fileRef = FD092AA624037938004897D2 /* FeedViewController.swift */; };
		FD092AA924038F89004897D2 /* CameraViewController.swift in Sources */ = {isa = PBXBuildFile; fileRef = FD092AA824038F89004897D2 /* CameraViewController.swift */; };
		FD092AAB24039A68004897D2 /* PostCell.swift in Sources */ = {isa = PBXBuildFile; fileRef = FD092AAA24039A68004897D2 /* PostCell.swift */; };
		FD85A5DB24034AE20094C263 /* AppDelegate.swift in Sources */ = {isa = PBXBuildFile; fileRef = FD85A5DA24034AE20094C263 /* AppDelegate.swift */; };
		FD85A5DD24034AE20094C263 /* SceneDelegate.swift in Sources */ = {isa = PBXBuildFile; fileRef = FD85A5DC24034AE20094C263 /* SceneDelegate.swift */; };
		FD85A5E224034AE20094C263 /* Main.storyboard in Resources */ = {isa = PBXBuildFile; fileRef = FD85A5E024034AE20094C263 /* Main.storyboard */; };
		FD85A5E424034AE30094C263 /* Assets.xcassets in Resources */ = {isa = PBXBuildFile; fileRef = FD85A5E324034AE30094C263 /* Assets.xcassets */; };
		FD85A5E724034AE30094C263 /* LaunchScreen.storyboard in Resources */ = {isa = PBXBuildFile; fileRef = FD85A5E524034AE30094C263 /* LaunchScreen.storyboard */; };
		FD85A5F224034AE30094C263 /* ParstagramTests.swift in Sources */ = {isa = PBXBuildFile; fileRef = FD85A5F124034AE30094C263 /* ParstagramTests.swift */; };
		FD85A5FD24034AE30094C263 /* ParstagramUITests.swift in Sources */ = {isa = PBXBuildFile; fileRef = FD85A5FC24034AE30094C263 /* ParstagramUITests.swift */; };
/* End PBXBuildFile section */

/* Begin PBXContainerItemProxy section */
		FD85A5EE24034AE30094C263 /* PBXContainerItemProxy */ = {
			isa = PBXContainerItemProxy;
			containerPortal = FD85A5CF24034AE20094C263 /* Project object */;
			proxyType = 1;
			remoteGlobalIDString = FD85A5D624034AE20094C263;
			remoteInfo = Parstagram;
		};
		FD85A5F924034AE30094C263 /* PBXContainerItemProxy */ = {
			isa = PBXContainerItemProxy;
			containerPortal = FD85A5CF24034AE20094C263 /* Project object */;
			proxyType = 1;
			remoteGlobalIDString = FD85A5D624034AE20094C263;
			remoteInfo = Parstagram;
		};
/* End PBXContainerItemProxy section */

/* Begin PBXFileReference section */
		0EFB5210B3D2E50ED8DF2D0F /* Pods-Parstagram.debug.xcconfig */ = {isa = PBXFileReference; includeInIndex = 1; lastKnownFileType = text.xcconfig; name = "Pods-Parstagram.debug.xcconfig"; path = "Target Support Files/Pods-Parstagram/Pods-Parstagram.debug.xcconfig"; sourceTree = "<group>"; };
		2B118ED04A7E22A7DEAADC68 /* Pods-Parstagram-ParstagramUITests.debug.xcconfig */ = {isa = PBXFileReference; includeInIndex = 1; lastKnownFileType = text.xcconfig; name = "Pods-Parstagram-ParstagramUITests.debug.xcconfig"; path = "Target Support Files/Pods-Parstagram-ParstagramUITests/Pods-Parstagram-ParstagramUITests.debug.xcconfig"; sourceTree = "<group>"; };
		2CD48B8D1139999B1DA085F4 /* Pods-ParstagramTests.debug.xcconfig */ = {isa = PBXFileReference; includeInIndex = 1; lastKnownFileType = text.xcconfig; name = "Pods-ParstagramTests.debug.xcconfig"; path = "Target Support Files/Pods-ParstagramTests/Pods-ParstagramTests.debug.xcconfig"; sourceTree = "<group>"; };
		492DA6F3287C5C6E6806B43A /* Pods_Parstagram.framework */ = {isa = PBXFileReference; explicitFileType = wrapper.framework; includeInIndex = 0; path = Pods_Parstagram.framework; sourceTree = BUILT_PRODUCTS_DIR; };
		5E9D440E0449A14BD543C2C4 /* Pods_ParstagramTests.framework */ = {isa = PBXFileReference; explicitFileType = wrapper.framework; includeInIndex = 0; path = Pods_ParstagramTests.framework; sourceTree = BUILT_PRODUCTS_DIR; };
		735AD0B655CE267527664595 /* Pods-ParstagramTests.release.xcconfig */ = {isa = PBXFileReference; includeInIndex = 1; lastKnownFileType = text.xcconfig; name = "Pods-ParstagramTests.release.xcconfig"; path = "Target Support Files/Pods-ParstagramTests/Pods-ParstagramTests.release.xcconfig"; sourceTree = "<group>"; };
		AED3FC97EFAC5C64EC53DB53 /* Pods_Parstagram_ParstagramUITests.framework */ = {isa = PBXFileReference; explicitFileType = wrapper.framework; includeInIndex = 0; path = Pods_Parstagram_ParstagramUITests.framework; sourceTree = BUILT_PRODUCTS_DIR; };
		DEA8BB1B3488200B6407EFF5 /* Pods-Parstagram.release.xcconfig */ = {isa = PBXFileReference; includeInIndex = 1; lastKnownFileType = text.xcconfig; name = "Pods-Parstagram.release.xcconfig"; path = "Target Support Files/Pods-Parstagram/Pods-Parstagram.release.xcconfig"; sourceTree = "<group>"; };
		E8A1DFAFB723744EE94A5320 /* Pods-Parstagram-ParstagramUITests.release.xcconfig */ = {isa = PBXFileReference; includeInIndex = 1; lastKnownFileType = text.xcconfig; name = "Pods-Parstagram-ParstagramUITests.release.xcconfig"; path = "Target Support Files/Pods-Parstagram-ParstagramUITests/Pods-Parstagram-ParstagramUITests.release.xcconfig"; sourceTree = "<group>"; };
		FD092AA42403792E004897D2 /* LoginViewController.swift */ = {isa = PBXFileReference; lastKnownFileType = sourcecode.swift; path = LoginViewController.swift; sourceTree = "<group>"; };
		FD092AA624037938004897D2 /* FeedViewController.swift */ = {isa = PBXFileReference; lastKnownFileType = sourcecode.swift; path = FeedViewController.swift; sourceTree = "<group>"; };
		FD092AA824038F89004897D2 /* CameraViewController.swift */ = {isa = PBXFileReference; lastKnownFileType = sourcecode.swift; path = CameraViewController.swift; sourceTree = "<group>"; };
		FD092AAA24039A68004897D2 /* PostCell.swift */ = {isa = PBXFileReference; lastKnownFileType = sourcecode.swift; path = PostCell.swift; sourceTree = "<group>"; };
		FD85A5D724034AE20094C263 /* Parstagram.app */ = {isa = PBXFileReference; explicitFileType = wrapper.application; includeInIndex = 0; path = Parstagram.app; sourceTree = BUILT_PRODUCTS_DIR; };
		FD85A5DA24034AE20094C263 /* AppDelegate.swift */ = {isa = PBXFileReference; lastKnownFileType = sourcecode.swift; path = AppDelegate.swift; sourceTree = "<group>"; };
		FD85A5DC24034AE20094C263 /* SceneDelegate.swift */ = {isa = PBXFileReference; lastKnownFileType = sourcecode.swift; path = SceneDelegate.swift; sourceTree = "<group>"; };
		FD85A5E124034AE20094C263 /* Base */ = {isa = PBXFileReference; lastKnownFileType = file.storyboard; name = Base; path = Base.lproj/Main.storyboard; sourceTree = "<group>"; };
		FD85A5E324034AE30094C263 /* Assets.xcassets */ = {isa = PBXFileReference; lastKnownFileType = folder.assetcatalog; path = Assets.xcassets; sourceTree = "<group>"; };
		FD85A5E624034AE30094C263 /* Base */ = {isa = PBXFileReference; lastKnownFileType = file.storyboard; name = Base; path = Base.lproj/LaunchScreen.storyboard; sourceTree = "<group>"; };
		FD85A5E824034AE30094C263 /* Info.plist */ = {isa = PBXFileReference; lastKnownFileType = text.plist.xml; path = Info.plist; sourceTree = "<group>"; };
		FD85A5ED24034AE30094C263 /* ParstagramTests.xctest */ = {isa = PBXFileReference; explicitFileType = wrapper.cfbundle; includeInIndex = 0; path = ParstagramTests.xctest; sourceTree = BUILT_PRODUCTS_DIR; };
		FD85A5F124034AE30094C263 /* ParstagramTests.swift */ = {isa = PBXFileReference; lastKnownFileType = sourcecode.swift; path = ParstagramTests.swift; sourceTree = "<group>"; };
		FD85A5F324034AE30094C263 /* Info.plist */ = {isa = PBXFileReference; lastKnownFileType = text.plist.xml; path = Info.plist; sourceTree = "<group>"; };
		FD85A5F824034AE30094C263 /* ParstagramUITests.xctest */ = {isa = PBXFileReference; explicitFileType = wrapper.cfbundle; includeInIndex = 0; path = ParstagramUITests.xctest; sourceTree = BUILT_PRODUCTS_DIR; };
		FD85A5FC24034AE30094C263 /* ParstagramUITests.swift */ = {isa = PBXFileReference; lastKnownFileType = sourcecode.swift; path = ParstagramUITests.swift; sourceTree = "<group>"; };
		FD85A5FE24034AE30094C263 /* Info.plist */ = {isa = PBXFileReference; lastKnownFileType = text.plist.xml; path = Info.plist; sourceTree = "<group>"; };
/* End PBXFileReference section */

/* Begin PBXFrameworksBuildPhase section */
		FD85A5D424034AE20094C263 /* Frameworks */ = {
			isa = PBXFrameworksBuildPhase;
			buildActionMask = 2147483647;
			files = (
				016CE220BF9A73CE206FB35E /* Pods_Parstagram.framework in Frameworks */,
			);
			runOnlyForDeploymentPostprocessing = 0;
		};
		FD85A5EA24034AE30094C263 /* Frameworks */ = {
			isa = PBXFrameworksBuildPhase;
			buildActionMask = 2147483647;
			files = (
				A041C333A0F0F35C952E4433 /* Pods_ParstagramTests.framework in Frameworks */,
			);
			runOnlyForDeploymentPostprocessing = 0;
		};
		FD85A5F524034AE30094C263 /* Frameworks */ = {
			isa = PBXFrameworksBuildPhase;
			buildActionMask = 2147483647;
			files = (
				F7A75C79032877F75BE45CBE /* Pods_Parstagram_ParstagramUITests.framework in Frameworks */,
			);
			runOnlyForDeploymentPostprocessing = 0;
		};
/* End PBXFrameworksBuildPhase section */

/* Begin PBXGroup section */
		26C269FEAC4A9F1C0FBDC4DF /* Pods */ = {
			isa = PBXGroup;
			children = (
				0EFB5210B3D2E50ED8DF2D0F /* Pods-Parstagram.debug.xcconfig */,
				DEA8BB1B3488200B6407EFF5 /* Pods-Parstagram.release.xcconfig */,
				2B118ED04A7E22A7DEAADC68 /* Pods-Parstagram-ParstagramUITests.debug.xcconfig */,
				E8A1DFAFB723744EE94A5320 /* Pods-Parstagram-ParstagramUITests.release.xcconfig */,
				2CD48B8D1139999B1DA085F4 /* Pods-ParstagramTests.debug.xcconfig */,
				735AD0B655CE267527664595 /* Pods-ParstagramTests.release.xcconfig */,
			);
			path = Pods;
			sourceTree = "<group>";
		};
		B7F4298628162688063E9B43 /* Frameworks */ = {
			isa = PBXGroup;
			children = (
				492DA6F3287C5C6E6806B43A /* Pods_Parstagram.framework */,
				AED3FC97EFAC5C64EC53DB53 /* Pods_Parstagram_ParstagramUITests.framework */,
				5E9D440E0449A14BD543C2C4 /* Pods_ParstagramTests.framework */,
			);
			name = Frameworks;
			sourceTree = "<group>";
		};
		FD85A5CE24034AE20094C263 = {
			isa = PBXGroup;
			children = (
				FD85A5D924034AE20094C263 /* Parstagram */,
				FD85A5F024034AE30094C263 /* ParstagramTests */,
				FD85A5FB24034AE30094C263 /* ParstagramUITests */,
				FD85A5D824034AE20094C263 /* Products */,
				26C269FEAC4A9F1C0FBDC4DF /* Pods */,
				B7F4298628162688063E9B43 /* Frameworks */,
			);
			sourceTree = "<group>";
		};
		FD85A5D824034AE20094C263 /* Products */ = {
			isa = PBXGroup;
			children = (
				FD85A5D724034AE20094C263 /* Parstagram.app */,
				FD85A5ED24034AE30094C263 /* ParstagramTests.xctest */,
				FD85A5F824034AE30094C263 /* ParstagramUITests.xctest */,
			);
			name = Products;
			sourceTree = "<group>";
		};
		FD85A5D924034AE20094C263 /* Parstagram */ = {
			isa = PBXGroup;
			children = (
				FD85A5DA24034AE20094C263 /* AppDelegate.swift */,
				FD85A5DC24034AE20094C263 /* SceneDelegate.swift */,
				FD85A5E024034AE20094C263 /* Main.storyboard */,
				FD85A5E324034AE30094C263 /* Assets.xcassets */,
				FD85A5E524034AE30094C263 /* LaunchScreen.storyboard */,
				FD85A5E824034AE30094C263 /* Info.plist */,
				FD092AA42403792E004897D2 /* LoginViewController.swift */,
				FD092AA624037938004897D2 /* FeedViewController.swift */,
				FD092AA824038F89004897D2 /* CameraViewController.swift */,
				FD092AAA24039A68004897D2 /* PostCell.swift */,
			);
			path = Parstagram;
			sourceTree = "<group>";
		};
		FD85A5F024034AE30094C263 /* ParstagramTests */ = {
			isa = PBXGroup;
			children = (
				FD85A5F124034AE30094C263 /* ParstagramTests.swift */,
				FD85A5F324034AE30094C263 /* Info.plist */,
			);
			path = ParstagramTests;
			sourceTree = "<group>";
		};
		FD85A5FB24034AE30094C263 /* ParstagramUITests */ = {
			isa = PBXGroup;
			children = (
				FD85A5FC24034AE30094C263 /* ParstagramUITests.swift */,
				FD85A5FE24034AE30094C263 /* Info.plist */,
			);
			path = ParstagramUITests;
			sourceTree = "<group>";
		};
/* End PBXGroup section */

/* Begin PBXNativeTarget section */
		FD85A5D624034AE20094C263 /* Parstagram */ = {
			isa = PBXNativeTarget;
			buildConfigurationList = FD85A60124034AE30094C263 /* Build configuration list for PBXNativeTarget "Parstagram" */;
			buildPhases = (
				BEF4BF21CE86561981C6B1EA /* [CP] Check Pods Manifest.lock */,
				FD85A5D324034AE20094C263 /* Sources */,
				FD85A5D424034AE20094C263 /* Frameworks */,
				FD85A5D524034AE20094C263 /* Resources */,
				4E4539E785A84290D0619439 /* [CP] Embed Pods Frameworks */,
			);
			buildRules = (
			);
			dependencies = (
			);
			name = Parstagram;
			productName = Parstagram;
			productReference = FD85A5D724034AE20094C263 /* Parstagram.app */;
			productType = "com.apple.product-type.application";
		};
		FD85A5EC24034AE30094C263 /* ParstagramTests */ = {
			isa = PBXNativeTarget;
			buildConfigurationList = FD85A60424034AE30094C263 /* Build configuration list for PBXNativeTarget "ParstagramTests" */;
			buildPhases = (
				C3B6B76404F0DB3E7A664AFA /* [CP] Check Pods Manifest.lock */,
				FD85A5E924034AE30094C263 /* Sources */,
				FD85A5EA24034AE30094C263 /* Frameworks */,
				FD85A5EB24034AE30094C263 /* Resources */,
			);
			buildRules = (
			);
			dependencies = (
				FD85A5EF24034AE30094C263 /* PBXTargetDependency */,
			);
			name = ParstagramTests;
			productName = ParstagramTests;
			productReference = FD85A5ED24034AE30094C263 /* ParstagramTests.xctest */;
			productType = "com.apple.product-type.bundle.unit-test";
		};
		FD85A5F724034AE30094C263 /* ParstagramUITests */ = {
			isa = PBXNativeTarget;
			buildConfigurationList = FD85A60724034AE30094C263 /* Build configuration list for PBXNativeTarget "ParstagramUITests" */;
			buildPhases = (
				C999E8AF2068D9D8B5CAB74C /* [CP] Check Pods Manifest.lock */,
				FD85A5F424034AE30094C263 /* Sources */,
				FD85A5F524034AE30094C263 /* Frameworks */,
				FD85A5F624034AE30094C263 /* Resources */,
				BD58FC143BE2F561083CBD5E /* [CP] Embed Pods Frameworks */,
			);
			buildRules = (
			);
			dependencies = (
				FD85A5FA24034AE30094C263 /* PBXTargetDependency */,
			);
			name = ParstagramUITests;
			productName = ParstagramUITests;
			productReference = FD85A5F824034AE30094C263 /* ParstagramUITests.xctest */;
			productType = "com.apple.product-type.bundle.ui-testing";
		};
/* End PBXNativeTarget section */

/* Begin PBXProject section */
		FD85A5CF24034AE20094C263 /* Project object */ = {
			isa = PBXProject;
			attributes = {
				LastSwiftUpdateCheck = 1130;
				LastUpgradeCheck = 1130;
				ORGANIZATIONNAME = Jameel;
				TargetAttributes = {
					FD85A5D624034AE20094C263 = {
						CreatedOnToolsVersion = 11.3.1;
					};
					FD85A5EC24034AE30094C263 = {
						CreatedOnToolsVersion = 11.3.1;
						TestTargetID = FD85A5D624034AE20094C263;
					};
					FD85A5F724034AE30094C263 = {
						CreatedOnToolsVersion = 11.3.1;
						TestTargetID = FD85A5D624034AE20094C263;
					};
				};
			};
			buildConfigurationList = FD85A5D224034AE20094C263 /* Build configuration list for PBXProject "Parstagram" */;
			compatibilityVersion = "Xcode 9.3";
			developmentRegion = en;
			hasScannedForEncodings = 0;
			knownRegions = (
				en,
				Base,
			);
			mainGroup = FD85A5CE24034AE20094C263;
			productRefGroup = FD85A5D824034AE20094C263 /* Products */;
			projectDirPath = "";
			projectRoot = "";
			targets = (
				FD85A5D624034AE20094C263 /* Parstagram */,
				FD85A5EC24034AE30094C263 /* ParstagramTests */,
				FD85A5F724034AE30094C263 /* ParstagramUITests */,
			);
		};
/* End PBXProject section */

/* Begin PBXResourcesBuildPhase section */
		FD85A5D524034AE20094C263 /* Resources */ = {
			isa = PBXResourcesBuildPhase;
			buildActionMask = 2147483647;
			files = (
				FD85A5E724034AE30094C263 /* LaunchScreen.storyboard in Resources */,
				FD85A5E424034AE30094C263 /* Assets.xcassets in Resources */,
				FD85A5E224034AE20094C263 /* Main.storyboard in Resources */,
			);
			runOnlyForDeploymentPostprocessing = 0;
		};
		FD85A5EB24034AE30094C263 /* Resources */ = {
			isa = PBXResourcesBuildPhase;
			buildActionMask = 2147483647;
			files = (
			);
			runOnlyForDeploymentPostprocessing = 0;
		};
		FD85A5F624034AE30094C263 /* Resources */ = {
			isa = PBXResourcesBuildPhase;
			buildActionMask = 2147483647;
			files = (
			);
			runOnlyForDeploymentPostprocessing = 0;
		};
/* End PBXResourcesBuildPhase section */

/* Begin PBXShellScriptBuildPhase section */
		4E4539E785A84290D0619439 /* [CP] Embed Pods Frameworks */ = {
			isa = PBXShellScriptBuildPhase;
			buildActionMask = 2147483647;
			files = (
			);
			inputFileListPaths = (
				"${PODS_ROOT}/Target Support Files/Pods-Parstagram/Pods-Parstagram-frameworks-${CONFIGURATION}-input-files.xcfilelist",
			);
			name = "[CP] Embed Pods Frameworks";
			outputFileListPaths = (
				"${PODS_ROOT}/Target Support Files/Pods-Parstagram/Pods-Parstagram-frameworks-${CONFIGURATION}-output-files.xcfilelist",
			);
			runOnlyForDeploymentPostprocessing = 0;
			shellPath = /bin/sh;
			shellScript = "\"${PODS_ROOT}/Target Support Files/Pods-Parstagram/Pods-Parstagram-frameworks.sh\"\n";
			showEnvVarsInLog = 0;
		};
		BD58FC143BE2F561083CBD5E /* [CP] Embed Pods Frameworks */ = {
			isa = PBXShellScriptBuildPhase;
			buildActionMask = 2147483647;
			files = (
			);
			inputFileListPaths = (
				"${PODS_ROOT}/Target Support Files/Pods-Parstagram-ParstagramUITests/Pods-Parstagram-ParstagramUITests-frameworks-${CONFIGURATION}-input-files.xcfilelist",
			);
			name = "[CP] Embed Pods Frameworks";
			outputFileListPaths = (
				"${PODS_ROOT}/Target Support Files/Pods-Parstagram-ParstagramUITests/Pods-Parstagram-ParstagramUITests-frameworks-${CONFIGURATION}-output-files.xcfilelist",
			);
			runOnlyForDeploymentPostprocessing = 0;
			shellPath = /bin/sh;
			shellScript = "\"${PODS_ROOT}/Target Support Files/Pods-Parstagram-ParstagramUITests/Pods-Parstagram-ParstagramUITests-frameworks.sh\"\n";
			showEnvVarsInLog = 0;
		};
		BEF4BF21CE86561981C6B1EA /* [CP] Check Pods Manifest.lock */ = {
			isa = PBXShellScriptBuildPhase;
			buildActionMask = 2147483647;
			files = (
			);
			inputFileListPaths = (
			);
			inputPaths = (
				"${PODS_PODFILE_DIR_PATH}/Podfile.lock",
				"${PODS_ROOT}/Manifest.lock",
			);
			name = "[CP] Check Pods Manifest.lock";
			outputFileListPaths = (
			);
			outputPaths = (
				"$(DERIVED_FILE_DIR)/Pods-Parstagram-checkManifestLockResult.txt",
			);
			runOnlyForDeploymentPostprocessing = 0;
			shellPath = /bin/sh;
			shellScript = "diff \"${PODS_PODFILE_DIR_PATH}/Podfile.lock\" \"${PODS_ROOT}/Manifest.lock\" > /dev/null\nif [ $? != 0 ] ; then\n    # print error to STDERR\n    echo \"error: The sandbox is not in sync with the Podfile.lock. Run 'pod install' or update your CocoaPods installation.\" >&2\n    exit 1\nfi\n# This output is used by Xcode 'outputs' to avoid re-running this script phase.\necho \"SUCCESS\" > \"${SCRIPT_OUTPUT_FILE_0}\"\n";
			showEnvVarsInLog = 0;
		};
		C3B6B76404F0DB3E7A664AFA /* [CP] Check Pods Manifest.lock */ = {
			isa = PBXShellScriptBuildPhase;
			buildActionMask = 2147483647;
			files = (
			);
			inputFileListPaths = (
			);
			inputPaths = (
				"${PODS_PODFILE_DIR_PATH}/Podfile.lock",
				"${PODS_ROOT}/Manifest.lock",
			);
			name = "[CP] Check Pods Manifest.lock";
			outputFileListPaths = (
			);
			outputPaths = (
				"$(DERIVED_FILE_DIR)/Pods-ParstagramTests-checkManifestLockResult.txt",
			);
			runOnlyForDeploymentPostprocessing = 0;
			shellPath = /bin/sh;
			shellScript = "diff \"${PODS_PODFILE_DIR_PATH}/Podfile.lock\" \"${PODS_ROOT}/Manifest.lock\" > /dev/null\nif [ $? != 0 ] ; then\n    # print error to STDERR\n    echo \"error: The sandbox is not in sync with the Podfile.lock. Run 'pod install' or update your CocoaPods installation.\" >&2\n    exit 1\nfi\n# This output is used by Xcode 'outputs' to avoid re-running this script phase.\necho \"SUCCESS\" > \"${SCRIPT_OUTPUT_FILE_0}\"\n";
			showEnvVarsInLog = 0;
		};
		C999E8AF2068D9D8B5CAB74C /* [CP] Check Pods Manifest.lock */ = {
			isa = PBXShellScriptBuildPhase;
			buildActionMask = 2147483647;
			files = (
			);
			inputFileListPaths = (
			);
			inputPaths = (
				"${PODS_PODFILE_DIR_PATH}/Podfile.lock",
				"${PODS_ROOT}/Manifest.lock",
			);
			name = "[CP] Check Pods Manifest.lock";
			outputFileListPaths = (
			);
			outputPaths = (
				"$(DERIVED_FILE_DIR)/Pods-Parstagram-ParstagramUITests-checkManifestLockResult.txt",
			);
			runOnlyForDeploymentPostprocessing = 0;
			shellPath = /bin/sh;
			shellScript = "diff \"${PODS_PODFILE_DIR_PATH}/Podfile.lock\" \"${PODS_ROOT}/Manifest.lock\" > /dev/null\nif [ $? != 0 ] ; then\n    # print error to STDERR\n    echo \"error: The sandbox is not in sync with the Podfile.lock. Run 'pod install' or update your CocoaPods installation.\" >&2\n    exit 1\nfi\n# This output is used by Xcode 'outputs' to avoid re-running this script phase.\necho \"SUCCESS\" > \"${SCRIPT_OUTPUT_FILE_0}\"\n";
			showEnvVarsInLog = 0;
		};
/* End PBXShellScriptBuildPhase section */

/* Begin PBXSourcesBuildPhase section */
		FD85A5D324034AE20094C263 /* Sources */ = {
			isa = PBXSourcesBuildPhase;
			buildActionMask = 2147483647;
			files = (
				FD092AA52403792E004897D2 /* LoginViewController.swift in Sources */,
				FD092AA924038F89004897D2 /* CameraViewController.swift in Sources */,
				FD85A5DB24034AE20094C263 /* AppDelegate.swift in Sources */,
				FD092AA724037938004897D2 /* FeedViewController.swift in Sources */,
				FD85A5DD24034AE20094C263 /* SceneDelegate.swift in Sources */,
				FD092AAB24039A68004897D2 /* PostCell.swift in Sources */,
			);
			runOnlyForDeploymentPostprocessing = 0;
		};
		FD85A5E924034AE30094C263 /* Sources */ = {
			isa = PBXSourcesBuildPhase;
			buildActionMask = 2147483647;
			files = (
				FD85A5F224034AE30094C263 /* ParstagramTests.swift in Sources */,
			);
			runOnlyForDeploymentPostprocessing = 0;
		};
		FD85A5F424034AE30094C263 /* Sources */ = {
			isa = PBXSourcesBuildPhase;
			buildActionMask = 2147483647;
			files = (
				FD85A5FD24034AE30094C263 /* ParstagramUITests.swift in Sources */,
			);
			runOnlyForDeploymentPostprocessing = 0;
		};
/* End PBXSourcesBuildPhase section */

/* Begin PBXTargetDependency section */
		FD85A5EF24034AE30094C263 /* PBXTargetDependency */ = {
			isa = PBXTargetDependency;
			target = FD85A5D624034AE20094C263 /* Parstagram */;
			targetProxy = FD85A5EE24034AE30094C263 /* PBXContainerItemProxy */;
		};
		FD85A5FA24034AE30094C263 /* PBXTargetDependency */ = {
			isa = PBXTargetDependency;
			target = FD85A5D624034AE20094C263 /* Parstagram */;
			targetProxy = FD85A5F924034AE30094C263 /* PBXContainerItemProxy */;
		};
/* End PBXTargetDependency section */

/* Begin PBXVariantGroup section */
		FD85A5E024034AE20094C263 /* Main.storyboard */ = {
			isa = PBXVariantGroup;
			children = (
				FD85A5E124034AE20094C263 /* Base */,
			);
			name = Main.storyboard;
			sourceTree = "<group>";
		};
		FD85A5E524034AE30094C263 /* LaunchScreen.storyboard */ = {
			isa = PBXVariantGroup;
			children = (
				FD85A5E624034AE30094C263 /* Base */,
			);
			name = LaunchScreen.storyboard;
			sourceTree = "<group>";
		};
/* End PBXVariantGroup section */

/* Begin XCBuildConfiguration section */
		FD85A5FF24034AE30094C263 /* Debug */ = {
			isa = XCBuildConfiguration;
			buildSettings = {
				ALWAYS_SEARCH_USER_PATHS = NO;
				CLANG_ANALYZER_NONNULL = YES;
				CLANG_ANALYZER_NUMBER_OBJECT_CONVERSION = YES_AGGRESSIVE;
				CLANG_CXX_LANGUAGE_STANDARD = "gnu++14";
				CLANG_CXX_LIBRARY = "libc++";
				CLANG_ENABLE_MODULES = YES;
				CLANG_ENABLE_OBJC_ARC = YES;
				CLANG_ENABLE_OBJC_WEAK = YES;
				CLANG_WARN_BLOCK_CAPTURE_AUTORELEASING = YES;
				CLANG_WARN_BOOL_CONVERSION = YES;
				CLANG_WARN_COMMA = YES;
				CLANG_WARN_CONSTANT_CONVERSION = YES;
				CLANG_WARN_DEPRECATED_OBJC_IMPLEMENTATIONS = YES;
				CLANG_WARN_DIRECT_OBJC_ISA_USAGE = YES_ERROR;
				CLANG_WARN_DOCUMENTATION_COMMENTS = YES;
				CLANG_WARN_EMPTY_BODY = YES;
				CLANG_WARN_ENUM_CONVERSION = YES;
				CLANG_WARN_INFINITE_RECURSION = YES;
				CLANG_WARN_INT_CONVERSION = YES;
				CLANG_WARN_NON_LITERAL_NULL_CONVERSION = YES;
				CLANG_WARN_OBJC_IMPLICIT_RETAIN_SELF = YES;
				CLANG_WARN_OBJC_LITERAL_CONVERSION = YES;
				CLANG_WARN_OBJC_ROOT_CLASS = YES_ERROR;
				CLANG_WARN_RANGE_LOOP_ANALYSIS = YES;
				CLANG_WARN_STRICT_PROTOTYPES = YES;
				CLANG_WARN_SUSPICIOUS_MOVE = YES;
				CLANG_WARN_UNGUARDED_AVAILABILITY = YES_AGGRESSIVE;
				CLANG_WARN_UNREACHABLE_CODE = YES;
				CLANG_WARN__DUPLICATE_METHOD_MATCH = YES;
				COPY_PHASE_STRIP = NO;
				DEBUG_INFORMATION_FORMAT = dwarf;
				ENABLE_STRICT_OBJC_MSGSEND = YES;
				ENABLE_TESTABILITY = YES;
				GCC_C_LANGUAGE_STANDARD = gnu11;
				GCC_DYNAMIC_NO_PIC = NO;
				GCC_NO_COMMON_BLOCKS = YES;
				GCC_OPTIMIZATION_LEVEL = 0;
				GCC_PREPROCESSOR_DEFINITIONS = (
					"DEBUG=1",
					"$(inherited)",
				);
				GCC_WARN_64_TO_32_BIT_CONVERSION = YES;
				GCC_WARN_ABOUT_RETURN_TYPE = YES_ERROR;
				GCC_WARN_UNDECLARED_SELECTOR = YES;
				GCC_WARN_UNINITIALIZED_AUTOS = YES_AGGRESSIVE;
				GCC_WARN_UNUSED_FUNCTION = YES;
				GCC_WARN_UNUSED_VARIABLE = YES;
				IPHONEOS_DEPLOYMENT_TARGET = 13.2;
				MTL_ENABLE_DEBUG_INFO = INCLUDE_SOURCE;
				MTL_FAST_MATH = YES;
				ONLY_ACTIVE_ARCH = YES;
				SDKROOT = iphoneos;
				SWIFT_ACTIVE_COMPILATION_CONDITIONS = DEBUG;
				SWIFT_OPTIMIZATION_LEVEL = "-Onone";
			};
			name = Debug;
		};
		FD85A60024034AE30094C263 /* Release */ = {
			isa = XCBuildConfiguration;
			buildSettings = {
				ALWAYS_SEARCH_USER_PATHS = NO;
				CLANG_ANALYZER_NONNULL = YES;
				CLANG_ANALYZER_NUMBER_OBJECT_CONVERSION = YES_AGGRESSIVE;
				CLANG_CXX_LANGUAGE_STANDARD = "gnu++14";
				CLANG_CXX_LIBRARY = "libc++";
				CLANG_ENABLE_MODULES = YES;
				CLANG_ENABLE_OBJC_ARC = YES;
				CLANG_ENABLE_OBJC_WEAK = YES;
				CLANG_WARN_BLOCK_CAPTURE_AUTORELEASING = YES;
				CLANG_WARN_BOOL_CONVERSION = YES;
				CLANG_WARN_COMMA = YES;
				CLANG_WARN_CONSTANT_CONVERSION = YES;
				CLANG_WARN_DEPRECATED_OBJC_IMPLEMENTATIONS = YES;
				CLANG_WARN_DIRECT_OBJC_ISA_USAGE = YES_ERROR;
				CLANG_WARN_DOCUMENTATION_COMMENTS = YES;
				CLANG_WARN_EMPTY_BODY = YES;
				CLANG_WARN_ENUM_CONVERSION = YES;
				CLANG_WARN_INFINITE_RECURSION = YES;
				CLANG_WARN_INT_CONVERSION = YES;
				CLANG_WARN_NON_LITERAL_NULL_CONVERSION = YES;
				CLANG_WARN_OBJC_IMPLICIT_RETAIN_SELF = YES;
				CLANG_WARN_OBJC_LITERAL_CONVERSION = YES;
				CLANG_WARN_OBJC_ROOT_CLASS = YES_ERROR;
				CLANG_WARN_RANGE_LOOP_ANALYSIS = YES;
				CLANG_WARN_STRICT_PROTOTYPES = YES;
				CLANG_WARN_SUSPICIOUS_MOVE = YES;
				CLANG_WARN_UNGUARDED_AVAILABILITY = YES_AGGRESSIVE;
				CLANG_WARN_UNREACHABLE_CODE = YES;
				CLANG_WARN__DUPLICATE_METHOD_MATCH = YES;
				COPY_PHASE_STRIP = NO;
				DEBUG_INFORMATION_FORMAT = "dwarf-with-dsym";
				ENABLE_NS_ASSERTIONS = NO;
				ENABLE_STRICT_OBJC_MSGSEND = YES;
				GCC_C_LANGUAGE_STANDARD = gnu11;
				GCC_NO_COMMON_BLOCKS = YES;
				GCC_WARN_64_TO_32_BIT_CONVERSION = YES;
				GCC_WARN_ABOUT_RETURN_TYPE = YES_ERROR;
				GCC_WARN_UNDECLARED_SELECTOR = YES;
				GCC_WARN_UNINITIALIZED_AUTOS = YES_AGGRESSIVE;
				GCC_WARN_UNUSED_FUNCTION = YES;
				GCC_WARN_UNUSED_VARIABLE = YES;
				IPHONEOS_DEPLOYMENT_TARGET = 13.2;
				MTL_ENABLE_DEBUG_INFO = NO;
				MTL_FAST_MATH = YES;
				SDKROOT = iphoneos;
				SWIFT_COMPILATION_MODE = wholemodule;
				SWIFT_OPTIMIZATION_LEVEL = "-O";
				VALIDATE_PRODUCT = YES;
			};
			name = Release;
		};
		FD85A60224034AE30094C263 /* Debug */ = {
			isa = XCBuildConfiguration;
			baseConfigurationReference = 0EFB5210B3D2E50ED8DF2D0F /* Pods-Parstagram.debug.xcconfig */;
			buildSettings = {
				ASSETCATALOG_COMPILER_APPICON_NAME = AppIcon;
				CODE_SIGN_STYLE = Automatic;
				INFOPLIST_FILE = Parstagram/Info.plist;
				LD_RUNPATH_SEARCH_PATHS = (
					"$(inherited)",
					"@executable_path/Frameworks",
				);
				PRODUCT_BUNDLE_IDENTIFIER = jlammyb.Parstagram;
				PRODUCT_NAME = "$(TARGET_NAME)";
				SWIFT_VERSION = 5.0;
				TARGETED_DEVICE_FAMILY = "1,2";
			};
			name = Debug;
		};
		FD85A60324034AE30094C263 /* Release */ = {
			isa = XCBuildConfiguration;
			baseConfigurationReference = DEA8BB1B3488200B6407EFF5 /* Pods-Parstagram.release.xcconfig */;
			buildSettings = {
				ASSETCATALOG_COMPILER_APPICON_NAME = AppIcon;
				CODE_SIGN_STYLE = Automatic;
				INFOPLIST_FILE = Parstagram/Info.plist;
				LD_RUNPATH_SEARCH_PATHS = (
					"$(inherited)",
					"@executable_path/Frameworks",
				);
				PRODUCT_BUNDLE_IDENTIFIER = jlammyb.Parstagram;
				PRODUCT_NAME = "$(TARGET_NAME)";
				SWIFT_VERSION = 5.0;
				TARGETED_DEVICE_FAMILY = "1,2";
			};
			name = Release;
		};
		FD85A60524034AE30094C263 /* Debug */ = {
			isa = XCBuildConfiguration;
			baseConfigurationReference = 2CD48B8D1139999B1DA085F4 /* Pods-ParstagramTests.debug.xcconfig */;
			buildSettings = {
				ALWAYS_EMBED_SWIFT_STANDARD_LIBRARIES = YES;
				BUNDLE_LOADER = "$(TEST_HOST)";
				CODE_SIGN_STYLE = Automatic;
				INFOPLIST_FILE = ParstagramTests/Info.plist;
				IPHONEOS_DEPLOYMENT_TARGET = 13.2;
				LD_RUNPATH_SEARCH_PATHS = (
					"$(inherited)",
					"@executable_path/Frameworks",
					"@loader_path/Frameworks",
				);
				PRODUCT_BUNDLE_IDENTIFIER = jlammyb.ParstagramTests;
				PRODUCT_NAME = "$(TARGET_NAME)";
				SWIFT_VERSION = 5.0;
				TARGETED_DEVICE_FAMILY = "1,2";
				TEST_HOST = "$(BUILT_PRODUCTS_DIR)/Parstagram.app/Parstagram";
			};
			name = Debug;
		};
		FD85A60624034AE30094C263 /* Release */ = {
			isa = XCBuildConfiguration;
			baseConfigurationReference = 735AD0B655CE267527664595 /* Pods-ParstagramTests.release.xcconfig */;
			buildSettings = {
				ALWAYS_EMBED_SWIFT_STANDARD_LIBRARIES = YES;
				BUNDLE_LOADER = "$(TEST_HOST)";
				CODE_SIGN_STYLE = Automatic;
				INFOPLIST_FILE = ParstagramTests/Info.plist;
				IPHONEOS_DEPLOYMENT_TARGET = 13.2;
				LD_RUNPATH_SEARCH_PATHS = (
					"$(inherited)",
					"@executable_path/Frameworks",
					"@loader_path/Frameworks",
				);
				PRODUCT_BUNDLE_IDENTIFIER = jlammyb.ParstagramTests;
				PRODUCT_NAME = "$(TARGET_NAME)";
				SWIFT_VERSION = 5.0;
				TARGETED_DEVICE_FAMILY = "1,2";
				TEST_HOST = "$(BUILT_PRODUCTS_DIR)/Parstagram.app/Parstagram";
			};
			name = Release;
		};
		FD85A60824034AE30094C263 /* Debug */ = {
			isa = XCBuildConfiguration;
			baseConfigurationReference = 2B118ED04A7E22A7DEAADC68 /* Pods-Parstagram-ParstagramUITests.debug.xcconfig */;
			buildSettings = {
				ALWAYS_EMBED_SWIFT_STANDARD_LIBRARIES = YES;
				CODE_SIGN_STYLE = Automatic;
				INFOPLIST_FILE = ParstagramUITests/Info.plist;
				LD_RUNPATH_SEARCH_PATHS = (
					"$(inherited)",
					"@executable_path/Frameworks",
					"@loader_path/Frameworks",
				);
				PRODUCT_BUNDLE_IDENTIFIER = jlammyb.ParstagramUITests;
				PRODUCT_NAME = "$(TARGET_NAME)";
				SWIFT_VERSION = 5.0;
				TARGETED_DEVICE_FAMILY = "1,2";
				TEST_TARGET_NAME = Parstagram;
			};
			name = Debug;
		};
		FD85A60924034AE30094C263 /* Release */ = {
			isa = XCBuildConfiguration;
			baseConfigurationReference = E8A1DFAFB723744EE94A5320 /* Pods-Parstagram-ParstagramUITests.release.xcconfig */;
			buildSettings = {
				ALWAYS_EMBED_SWIFT_STANDARD_LIBRARIES = YES;
				CODE_SIGN_STYLE = Automatic;
				INFOPLIST_FILE = ParstagramUITests/Info.plist;
				LD_RUNPATH_SEARCH_PATHS = (
					"$(inherited)",
					"@executable_path/Frameworks",
					"@loader_path/Frameworks",
				);
				PRODUCT_BUNDLE_IDENTIFIER = jlammyb.ParstagramUITests;
				PRODUCT_NAME = "$(TARGET_NAME)";
				SWIFT_VERSION = 5.0;
				TARGETED_DEVICE_FAMILY = "1,2";
				TEST_TARGET_NAME = Parstagram;
			};
			name = Release;
		};
/* End XCBuildConfiguration section */

/* Begin XCConfigurationList section */
		FD85A5D224034AE20094C263 /* Build configuration list for PBXProject "Parstagram" */ = {
			isa = XCConfigurationList;
			buildConfigurations = (
				FD85A5FF24034AE30094C263 /* Debug */,
				FD85A60024034AE30094C263 /* Release */,
			);
			defaultConfigurationIsVisible = 0;
			defaultConfigurationName = Release;
		};
		FD85A60124034AE30094C263 /* Build configuration list for PBXNativeTarget "Parstagram" */ = {
			isa = XCConfigurationList;
			buildConfigurations = (
				FD85A60224034AE30094C263 /* Debug */,
				FD85A60324034AE30094C263 /* Release */,
			);
			defaultConfigurationIsVisible = 0;
			defaultConfigurationName = Release;
		};
		FD85A60424034AE30094C263 /* Build configuration list for PBXNativeTarget "ParstagramTests" */ = {
			isa = XCConfigurationList;
			buildConfigurations = (
				FD85A60524034AE30094C263 /* Debug */,
				FD85A60624034AE30094C263 /* Release */,
			);
			defaultConfigurationIsVisible = 0;
			defaultConfigurationName = Release;
		};
		FD85A60724034AE30094C263 /* Build configuration list for PBXNativeTarget "ParstagramUITests" */ = {
			isa = XCConfigurationList;
			buildConfigurations = (
				FD85A60824034AE30094C263 /* Debug */,
				FD85A60924034AE30094C263 /* Release */,
			);
			defaultConfigurationIsVisible = 0;
			defaultConfigurationName = Release;
		};
/* End XCConfigurationList section */
	};
	rootObject = FD85A5CF24034AE20094C263 /* Project object */;
}
